{
  "originHash" : "68dca1ba94bf08210e5aec63359fcbf95fb014956474a8e1865857c9c870337b",
  "pins" : [
    {
      "identity" : "resultsugar",
      "kind" : "remoteSourceControl",
      "location" : "https://github.com/eonist/ResultSugar.git",
      "state" : {
        "branch" : "master",
        "revision" : "629b4ed06405c2c158fe71d5876bc74410ae58a6"
      }
    },
    {
      "identity" : "with",
      "kind" : "remoteSourceControl",
      "location" : "https://github.com/eonist/With.git",
      "state" : {
        "branch" : "master",
        "revision" : "269183a02d156debb1701a0e864a725161b4c165"
      }
    },
    {
      "identity" : "zoomswitcherkit",
      "kind" : "remoteSourceControl",
      "location" : "https://github.com/eonist/ZoomSwitcherKit.git",
      "state" : {
        "branch" : "master",
        "revision" : "87039ba2d1ddc7856cdf179a74730de02b48dfe4"
      }
    }
  ],
  "version" : 3
}
